// !$*UTF8*$!
{
	archiveVersion = 1;
	classes = {
	};
	objectVersion = 50;
	objects = {

/* Begin PBXBuildFile section */
		6F3FCE6B23157BC900F0E950 /* AppDelegate.m in Sources */ = {isa = PBXBuildFile; fileRef = 6F3FCE6A23157BC900F0E950 /* AppDelegate.m */; };
		6F3FCE6E23157BC900F0E950 /* ViewController.m in Sources */ = {isa = PBXBuildFile; fileRef = 6F3FCE6D23157BC900F0E950 /* ViewController.m */; };
		6F3FCE7123157BC900F0E950 /* Main.storyboard in Resources */ = {isa = PBXBuildFile; fileRef = 6F3FCE6F23157BC900F0E950 /* Main.storyboard */; };
		6F3FCE7323157BD000F0E950 /* Assets.xcassets in Resources */ = {isa = PBXBuildFile; fileRef = 6F3FCE7223157BD000F0E950 /* Assets.xcassets */; };
		6F3FCE7623157BD000F0E950 /* LaunchScreen.storyboard in Resources */ = {isa = PBXBuildFile; fileRef = 6F3FCE7423157BD000F0E950 /* LaunchScreen.storyboard */; };
		6F3FCE7923157BD000F0E950 /* main.m in Sources */ = {isa = PBXBuildFile; fileRef = 6F3FCE7823157BD000F0E950 /* main.m */; };
/* End PBXBuildFile section */

/* Begin PBXFileReference section */
		6F3FCE6623157BC900F0E950 /* EnumerateAndDelete EnumerateAndDelete.app */ = {isa = PBXFileReference; explicitFileType = wrapper.application; includeInIndex = 0; path = "EnumerateAndDelete EnumerateAndDelete.app"; sourceTree = BUILT_PRODUCTS_DIR; };
		6F3FCE6923157BC900F0E950 /* AppDelegate.h */ = {isa = PBXFileReference; lastKnownFileType = sourcecode.c.h; path = AppDelegate.h; sourceTree = "<group>"; };
		6F3FCE6A23157BC900F0E950 /* AppDelegate.m */ = {isa = PBXFileReference; lastKnownFileType = sourcecode.c.objc; path = AppDelegate.m; sourceTree = "<group>"; };
		6F3FCE6C23157BC900F0E950 /* ViewController.h */ = {isa = PBXFileReference; lastKnownFileType = sourcecode.c.h; path = ViewController.h; sourceTree = "<group>"; };
		6F3FCE6D23157BC900F0E950 /* ViewController.m */ = {isa = PBXFileReference; lastKnownFileType = sourcecode.c.objc; path = ViewController.m; sourceTree = "<group>"; };
		6F3FCE7023157BC900F0E950 /* Base */ = {isa = PBXFileReference; lastKnownFileType = file.storyboard; name = Base; path = Base.lproj/Main.storyboard; sourceTree = "<group>"; };
		6F3FCE7223157BD000F0E950 /* Assets.xcassets */ = {isa = PBXFileReference; lastKnownFileType = folder.assetcatalog; path = Assets.xcassets; sourceTree = "<group>"; };
		6F3FCE7523157BD000F0E950 /* Base */ = {isa = PBXFileReference; lastKnownFileType = file.storyboard; name = Base; path = Base.lproj/LaunchScreen.storyboard; sourceTree = "<group>"; };
		6F3FCE7723157BD000F0E950 /* Info.plist */ = {isa = PBXFileReference; lastKnownFileType = text.plist.xml; path = Info.plist; sourceTree = "<group>"; };
		6F3FCE7823157BD000F0E950 /* main.m */ = {isa = PBXFileReference; lastKnownFileType = sourcecode.c.objc; path = main.m; sourceTree = "<group>"; };
/* End PBXFileReference section */

/* Begin PBXFrameworksBuildPhase section */
		6F3FCE6323157BC900F0E950 /* Frameworks */ = {
			isa = PBXFrameworksBuildPhase;
			buildActionMask = 2147483647;
			files = (
			);
			runOnlyForDeploymentPostprocessing = 0;
		};
/* End PBXFrameworksBuildPhase section */

/* Begin PBXGroup section */
		6F3FCE5D23157BC900F0E950 = {
			isa = PBXGroup;
			children = (
				6F3FCE6823157BC900F0E950 /* EnumerateAndDelete EnumerateAndDelete */,
				6F3FCE6723157BC900F0E950 /* Products */,
			);
			sourceTree = "<group>";
		};
		6F3FCE6723157BC900F0E950 /* Products */ = {
			isa = PBXGroup;
			children = (
				6F3FCE6623157BC900F0E950 /* EnumerateAndDelete EnumerateAndDelete.app */,
			);
			name = Products;
			sourceTree = "<group>";
		};
		6F3FCE6823157BC900F0E950 /* EnumerateAndDelete EnumerateAndDelete */ = {
			isa = PBXGroup;
			children = (
				6F3FCE6923157BC900F0E950 /* AppDelegate.h */,
				6F3FCE6A23157BC900F0E950 /* AppDelegate.m */,
				6F3FCE6C23157BC900F0E950 /* ViewController.h */,
				6F3FCE6D23157BC900F0E950 /* ViewController.m */,
				6F3FCE6F23157BC900F0E950 /* Main.storyboard */,
				6F3FCE7223157BD000F0E950 /* Assets.xcassets */,
				6F3FCE7423157BD000F0E950 /* LaunchScreen.storyboard */,
				6F3FCE7723157BD000F0E950 /* Info.plist */,
				6F3FCE7823157BD000F0E950 /* main.m */,
			);
			path = "EnumerateAndDelete EnumerateAndDelete";
			sourceTree = "<group>";
		};
/* End PBXGroup section */

/* Begin PBXNativeTarget section */
		6F3FCE6523157BC900F0E950 /* EnumerateAndDelete EnumerateAndDelete */ = {
			isa = PBXNativeTarget;
			buildConfigurationList = 6F3FCE7C23157BD000F0E950 /* Build configuration list for PBXNativeTarget "EnumerateAndDelete EnumerateAndDelete" */;
			buildPhases = (
				6F3FCE6223157BC900F0E950 /* Sources */,
				6F3FCE6323157BC900F0E950 /* Frameworks */,
				6F3FCE6423157BC900F0E950 /* Resources */,
			);
			buildRules = (
			);
			dependencies = (
			);
			name = "EnumerateAndDelete EnumerateAndDelete";
			productName = "EnumerateAndDelete EnumerateAndDelete";
			productReference = 6F3FCE6623157BC900F0E950 /* EnumerateAndDelete EnumerateAndDelete.app */;
			productType = "com.apple.product-type.application";
		};
/* End PBXNativeTarget section */

/* Begin PBXProject section */
		6F3FCE5E23157BC900F0E950 /* Project object */ = {
			isa = PBXProject;
			attributes = {
				LastUpgradeCheck = 1020;
				ORGANIZATIONNAME = young;
				TargetAttributes = {
					6F3FCE6523157BC900F0E950 = {
						CreatedOnToolsVersion = 10.2.1;
					};
				};
			};
			buildConfigurationList = 6F3FCE6123157BC900F0E950 /* Build configuration list for PBXProject "EnumerateAndDelete EnumerateAndDelete" */;
			compatibilityVersion = "Xcode 9.3";
			developmentRegion = en;
			hasScannedForEncodings = 0;
			knownRegions = (
				en,
				Base,
			);
			mainGroup = 6F3FCE5D23157BC900F0E950;
			productRefGroup = 6F3FCE6723157BC900F0E950 /* Products */;
			projectDirPath = "";
			projectRoot = "";
			targets = (
				6F3FCE6523157BC900F0E950 /* EnumerateAndDelete EnumerateAndDelete */,
			);
		};
/* End PBXProject section */

/* Begin PBXResourcesBuildPhase section */
		6F3FCE6423157BC900F0E950 /* Resources */ = {
			isa = PBXResourcesBuildPhase;
			buildActionMask = 2147483647;
			files = (
				6F3FCE7623157BD000F0E950 /* LaunchScreen.storyboard in Resources */,
				6F3FCE7323157BD000F0E950 /* Assets.xcassets in Resources */,
				6F3FCE7123157BC900F0E950 /* Main.storyboard in Resources */,
			);
			runOnlyForDeploymentPostprocessing = 0;
		};
/* End PBXResourcesBuildPhase section */

/* Begin PBXSourcesBuildPhase section */
		6F3FCE6223157BC900F0E950 /* Sources */ = {
			isa = PBXSourcesBuildPhase;
			buildActionMask = 2147483647;
			files = (
				6F3FCE6E23157BC900F0E950 /* ViewController.m in Sources */,
				6F3FCE7923157BD000F0E950 /* main.m in Sources */,
				6F3FCE6B23157BC900F0E950 /* AppDelegate.m in Sources */,
			);
			runOnlyForDeploymentPostprocessing = 0;
		};
/* End PBXSourcesBuildPhase section */

/* Begin PBXVariantGroup section */
		6F3FCE6F23157BC900F0E950 /* Main.storyboard */ = {
			isa = PBXVariantGroup;
			children = (
				6F3FCE7023157BC900F0E950 /* Base */,
			);
			name = Main.storyboard;
			sourceTree = "<group>";
		};
		6F3FCE7423157BD000F0E950 /* LaunchScreen.storyboard */ = {
			isa = PBXVariantGroup;
			children = (
				6F3FCE7523157BD000F0E950 /* Base */,
			);
			name = LaunchScreen.storyboard;
			sourceTree = "<group>";
		};
/* End PBXVariantGroup section */

/* Begin XCBuildConfiguration section */
		6F3FCE7A23157BD000F0E950 /* Debug */ = {
			isa = XCBuildConfiguration;
			buildSettings = {
				ALWAYS_SEARCH_USER_PATHS = NO;
				CLANG_ANALYZER_NONNULL = YES;
				CLANG_ANALYZER_NUMBER_OBJECT_CONVERSION = YES_AGGRESSIVE;
				CLANG_CXX_LANGUAGE_STANDARD = "gnu++14";
				CLANG_CXX_LIBRARY = "libc++";
				CLANG_ENABLE_MODULES = YES;
				CLANG_ENABLE_OBJC_ARC = YES;
				CLANG_ENABLE_OBJC_WEAK = YES;
				CLANG_WARN_BLOCK_CAPTURE_AUTORELEASING = YES;
				CLANG_WARN_BOOL_CONVERSION = YES;
				CLANG_WARN_COMMA = YES;
				CLANG_WARN_CONSTANT_CONVERSION = YES;
				CLANG_WARN_DEPRECATED_OBJC_IMPLEMENTATIONS = YES;
				CLANG_WARN_DIRECT_OBJC_ISA_USAGE = YES_ERROR;
				CLANG_WARN_DOCUMENTATION_COMMENTS = YES;
				CLANG_WARN_EMPTY_BODY = YES;
				CLANG_WARN_ENUM_CONVERSION = YES;
				CLANG_WARN_INFINITE_RECURSION = YES;
				CLANG_WARN_INT_CONVERSION = YES;
				CLANG_WARN_NON_LITERAL_NULL_CONVERSION = YES;
				CLANG_WARN_OBJC_IMPLICIT_RETAIN_SELF = YES;
				CLANG_WARN_OBJC_LITERAL_CONVERSION = YES;
				CLANG_WARN_OBJC_ROOT_CLASS = YES_ERROR;
				CLANG_WARN_RANGE_LOOP_ANALYSIS = YES;
				CLANG_WARN_STRICT_PROTOTYPES = YES;
				CLANG_WARN_SUSPICIOUS_MOVE = YES;
				CLANG_WARN_UNGUARDED_AVAILABILITY = YES_AGGRESSIVE;
				CLANG_WARN_UNREACHABLE_CODE = YES;
				CLANG_WARN__DUPLICATE_METHOD_MATCH = YES;
				CODE_SIGN_IDENTITY = "iPhone Developer";
				COPY_PHASE_STRIP = NO;
				DEBUG_INFORMATION_FORMAT = dwarf;
				ENABLE_STRICT_OBJC_MSGSEND = YES;
				ENABLE_TESTABILITY = YES;
				GCC_C_LANGUAGE_STANDARD = gnu11;
				GCC_DYNAMIC_NO_PIC = NO;
				GCC_NO_COMMON_BLOCKS = YES;
				GCC_OPTIMIZATION_LEVEL = 0;
				GCC_PREPROCESSOR_DEFINITIONS = (
					"DEBUG=1",
					"$(inherited)",
				);
				GCC_WARN_64_TO_32_BIT_CONVERSION = YES;
				GCC_WARN_ABOUT_RETURN_TYPE = YES_ERROR;
				GCC_WARN_UNDECLARED_SELECTOR = YES;
				GCC_WARN_UNINITIALIZED_AUTOS = YES_AGGRESSIVE;
				GCC_WARN_UNUSED_FUNCTION = YES;
				GCC_WARN_UNUSED_VARIABLE = YES;
				IPHONEOS_DEPLOYMENT_TARGET = 12.2;
				MTL_ENABLE_DEBUG_INFO = INCLUDE_SOURCE;
				MTL_FAST_MATH = YES;
				ONLY_ACTIVE_ARCH = YES;
				SDKROOT = iphoneos;
			};
			name = Debug;
		};
		6F3FCE7B23157BD000F0E950 /* Release */ = {
			isa = XCBuildConfiguration;
			buildSettings = {
				ALWAYS_SEARCH_USER_PATHS = NO;
				CLANG_ANALYZER_NONNULL = YES;
				CLANG_ANALYZER_NUMBER_OBJECT_CONVERSION = YES_AGGRESSIVE;
				CLANG_CXX_LANGUAGE_STANDARD = "gnu++14";
				CLANG_CXX_LIBRARY = "libc++";
				CLANG_ENABLE_MODULES = YES;
				CLANG_ENABLE_OBJC_ARC = YES;
				CLANG_ENABLE_OBJC_WEAK = YES;
				CLANG_WARN_BLOCK_CAPTURE_AUTORELEASING = YES;
				CLANG_WARN_BOOL_CONVERSION = YES;
				CLANG_WARN_COMMA = YES;
				CLANG_WARN_CONSTANT_CONVERSION = YES;
				CLANG_WARN_DEPRECATED_OBJC_IMPLEMENTATIONS = YES;
				CLANG_WARN_DIRECT_OBJC_ISA_USAGE = YES_ERROR;
				CLANG_WARN_DOCUMENTATION_COMMENTS = YES;
				CLANG_WARN_EMPTY_BODY = YES;
				CLANG_WARN_ENUM_CONVERSION = YES;
				CLANG_WARN_INFINITE_RECURSION = YES;
				CLANG_WARN_INT_CONVERSION = YES;
				CLANG_WARN_NON_LITERAL_NULL_CONVERSION = YES;
				CLANG_WARN_OBJC_IMPLICIT_RETAIN_SELF = YES;
				CLANG_WARN_OBJC_LITERAL_CONVERSION = YES;
				CLANG_WARN_OBJC_ROOT_CLASS = YES_ERROR;
				CLANG_WARN_RANGE_LOOP_ANALYSIS = YES;
				CLANG_WARN_STRICT_PROTOTYPES = YES;
				CLANG_WARN_SUSPICIOUS_MOVE = YES;
				CLANG_WARN_UNGUARDED_AVAILABILITY = YES_AGGRESSIVE;
				CLANG_WARN_UNREACHABLE_CODE = YES;
				CLANG_WARN__DUPLICATE_METHOD_MATCH = YES;
				CODE_SIGN_IDENTITY = "iPhone Developer";
				COPY_PHASE_STRIP = NO;
				DEBUG_INFORMATION_FORMAT = "dwarf-with-dsym";
				ENABLE_NS_ASSERTIONS = NO;
				ENABLE_STRICT_OBJC_MSGSEND = YES;
				GCC_C_LANGUAGE_STANDARD = gnu11;
				GCC_NO_COMMON_BLOCKS = YES;
				GCC_WARN_64_TO_32_BIT_CONVERSION = YES;
				GCC_WARN_ABOUT_RETURN_TYPE = YES_ERROR;
				GCC_WARN_UNDECLARED_SELECTOR = YES;
				GCC_WARN_UNINITIALIZED_AUTOS = YES_AGGRESSIVE;
				GCC_WARN_UNUSED_FUNCTION = YES;
				GCC_WARN_UNUSED_VARIABLE = YES;
				IPHONEOS_DEPLOYMENT_TARGET = 12.2;
				MTL_ENABLE_DEBUG_INFO = NO;
				MTL_FAST_MATH = YES;
				SDKROOT = iphoneos;
				VALIDATE_PRODUCT = YES;
			};
			name = Release;
		};
		6F3FCE7D23157BD000F0E950 /* Debug */ = {
			isa = XCBuildConfiguration;
			buildSettings = {
				ASSETCATALOG_COMPILER_APPICON_NAME = AppIcon;
				CODE_SIGN_STYLE = Automatic;
				DEVELOPMENT_TEAM = 7EZ23W2MEV;
				INFOPLIST_FILE = "EnumerateAndDelete EnumerateAndDelete/Info.plist";
				LD_RUNPATH_SEARCH_PATHS = (
					"$(inherited)",
					"@executable_path/Frameworks",
				);
				PRODUCT_BUNDLE_IDENTIFIER = "young.EnumerateAndDelete-EnumerateAndDelete";
				PRODUCT_NAME = "$(TARGET_NAME)";
				TARGETED_DEVICE_FAMILY = "1,2";
			};
			name = Debug;
		};
		6F3FCE7E23157BD000F0E950 /* Release */ = {
			isa = XCBuildConfiguration;
			buildSettings = {
				ASSETCATALOG_COMPILER_APPICON_NAME = AppIcon;
				CODE_SIGN_STYLE = Automatic;
				DEVELOPMENT_TEAM = 7EZ23W2MEV;
				INFOPLIST_FILE = "EnumerateAndDelete EnumerateAndDelete/Info.plist";
				LD_RUNPATH_SEARCH_PATHS = (
					"$(inherited)",
					"@executable_path/Frameworks",
				);
				PRODUCT_BUNDLE_IDENTIFIER = "young.EnumerateAndDelete-EnumerateAndDelete";
				PRODUCT_NAME = "$(TARGET_NAME)";
				TARGETED_DEVICE_FAMILY = "1,2";
			};
			name = Release;
		};
/* End XCBuildConfiguration section */

/* Begin XCConfigurationList section */
		6F3FCE6123157BC900F0E950 /* Build configuration list for PBXProject "EnumerateAndDelete EnumerateAndDelete" */ = {
			isa = XCConfigurationList;
			buildConfigurations = (
				6F3FCE7A23157BD000F0E950 /* Debug */,
				6F3FCE7B23157BD000F0E950 /* Release */,
			);
			defaultConfigurationIsVisible = 0;
			defaultConfigurationName = Release;
		};
		6F3FCE7C23157BD000F0E950 /* Build configuration list for PBXNativeTarget "EnumerateAndDelete EnumerateAndDelete" */ = {
			isa = XCConfigurationList;
			buildConfigurations = (
				6F3FCE7D23157BD000F0E950 /* Debug */,
				6F3FCE7E23157BD000F0E950 /* Release */,
			);
			defaultConfigurationIsVisible = 0;
			defaultConfigurationName = Release;
		};
/* End XCConfigurationList section */
	};
	rootObject = 6F3FCE5E23157BC900F0E950 /* Project object */;
}
